// !$*UTF8*$!
{
	archiveVersion = 1;
	classes = {
	};
	objectVersion = 56;
	objects = {

/* Begin PBXBuildFile section */
		143C971D2B0EB3C1003AAEB5 /* GiuliettaInventoryManagementApp.swift in Sources */ = {isa = PBXBuildFile; fileRef = 143C971C2B0EB3C1003AAEB5 /* GiuliettaInventoryManagementApp.swift */; };
		143C971F2B0EB3C1003AAEB5 /* ContentView.swift in Sources */ = {isa = PBXBuildFile; fileRef = 143C971E2B0EB3C1003AAEB5 /* ContentView.swift */; };
		143C97212B0EB3C3003AAEB5 /* Assets.xcassets in Resources */ = {isa = PBXBuildFile; fileRef = 143C97202B0EB3C3003AAEB5 /* Assets.xcassets */; };
		143C97242B0EB3C3003AAEB5 /* Preview Assets.xcassets in Resources */ = {isa = PBXBuildFile; fileRef = 143C97232B0EB3C3003AAEB5 /* Preview Assets.xcassets */; };
		143C972C2B0EB3F5003AAEB5 /* FirebaseAnalytics in Frameworks */ = {isa = PBXBuildFile; productRef = 143C972B2B0EB3F5003AAEB5 /* FirebaseAnalytics */; };
		143C972E2B0EB3F5003AAEB5 /* FirebaseAnalyticsOnDeviceConversion in Frameworks */ = {isa = PBXBuildFile; productRef = 143C972D2B0EB3F5003AAEB5 /* FirebaseAnalyticsOnDeviceConversion */; };
		143C97302B0EB3F5003AAEB5 /* FirebaseAnalyticsSwift in Frameworks */ = {isa = PBXBuildFile; productRef = 143C972F2B0EB3F5003AAEB5 /* FirebaseAnalyticsSwift */; };
		143C97322B0EB3F5003AAEB5 /* FirebaseAnalyticsWithoutAdIdSupport in Frameworks */ = {isa = PBXBuildFile; productRef = 143C97312B0EB3F5003AAEB5 /* FirebaseAnalyticsWithoutAdIdSupport */; };
		143C97342B0EB3F5003AAEB5 /* FirebaseAppCheck in Frameworks */ = {isa = PBXBuildFile; productRef = 143C97332B0EB3F5003AAEB5 /* FirebaseAppCheck */; };
		143C97362B0EB3F5003AAEB5 /* FirebaseAppDistribution-Beta in Frameworks */ = {isa = PBXBuildFile; productRef = 143C97352B0EB3F5003AAEB5 /* FirebaseAppDistribution-Beta */; };
		143C97382B0EB3F5003AAEB5 /* FirebaseAuth in Frameworks */ = {isa = PBXBuildFile; productRef = 143C97372B0EB3F5003AAEB5 /* FirebaseAuth */; };
		143C973A2B0EB3F5003AAEB5 /* FirebaseAuthCombine-Community in Frameworks */ = {isa = PBXBuildFile; productRef = 143C97392B0EB3F5003AAEB5 /* FirebaseAuthCombine-Community */; };
		143C973C2B0EB3F5003AAEB5 /* FirebaseCrashlytics in Frameworks */ = {isa = PBXBuildFile; productRef = 143C973B2B0EB3F5003AAEB5 /* FirebaseCrashlytics */; };
		143C973E2B0EB3F5003AAEB5 /* FirebaseDatabase in Frameworks */ = {isa = PBXBuildFile; productRef = 143C973D2B0EB3F5003AAEB5 /* FirebaseDatabase */; };
		143C97402B0EB3F5003AAEB5 /* FirebaseDatabaseSwift in Frameworks */ = {isa = PBXBuildFile; productRef = 143C973F2B0EB3F5003AAEB5 /* FirebaseDatabaseSwift */; };
		143C97422B0EB3F5003AAEB5 /* FirebaseDynamicLinks in Frameworks */ = {isa = PBXBuildFile; productRef = 143C97412B0EB3F5003AAEB5 /* FirebaseDynamicLinks */; };
		143C97442B0EB3F5003AAEB5 /* FirebaseFirestore in Frameworks */ = {isa = PBXBuildFile; productRef = 143C97432B0EB3F5003AAEB5 /* FirebaseFirestore */; };
		143C97462B0EB3F5003AAEB5 /* FirebaseFirestoreCombine-Community in Frameworks */ = {isa = PBXBuildFile; productRef = 143C97452B0EB3F5003AAEB5 /* FirebaseFirestoreCombine-Community */; };
		143C97482B0EB3F5003AAEB5 /* FirebaseFirestoreSwift in Frameworks */ = {isa = PBXBuildFile; productRef = 143C97472B0EB3F5003AAEB5 /* FirebaseFirestoreSwift */; };
		143C974A2B0EB3F5003AAEB5 /* FirebaseFunctions in Frameworks */ = {isa = PBXBuildFile; productRef = 143C97492B0EB3F5003AAEB5 /* FirebaseFunctions */; };
		143C974C2B0EB3F5003AAEB5 /* FirebaseFunctionsCombine-Community in Frameworks */ = {isa = PBXBuildFile; productRef = 143C974B2B0EB3F5003AAEB5 /* FirebaseFunctionsCombine-Community */; };
		143C974E2B0EB3F5003AAEB5 /* FirebaseInAppMessaging-Beta in Frameworks */ = {isa = PBXBuildFile; productRef = 143C974D2B0EB3F5003AAEB5 /* FirebaseInAppMessaging-Beta */; };
		143C97502B0EB3F5003AAEB5 /* FirebaseInAppMessagingSwift-Beta in Frameworks */ = {isa = PBXBuildFile; productRef = 143C974F2B0EB3F5003AAEB5 /* FirebaseInAppMessagingSwift-Beta */; };
		143C97522B0EB3F5003AAEB5 /* FirebaseInstallations in Frameworks */ = {isa = PBXBuildFile; productRef = 143C97512B0EB3F5003AAEB5 /* FirebaseInstallations */; };
		143C97542B0EB3F5003AAEB5 /* FirebaseMLModelDownloader in Frameworks */ = {isa = PBXBuildFile; productRef = 143C97532B0EB3F5003AAEB5 /* FirebaseMLModelDownloader */; };
		143C97562B0EB3F5003AAEB5 /* FirebaseMessaging in Frameworks */ = {isa = PBXBuildFile; productRef = 143C97552B0EB3F5003AAEB5 /* FirebaseMessaging */; };
		143C97582B0EB3F5003AAEB5 /* FirebasePerformance in Frameworks */ = {isa = PBXBuildFile; productRef = 143C97572B0EB3F5003AAEB5 /* FirebasePerformance */; };
		143C975A2B0EB3F5003AAEB5 /* FirebaseRemoteConfig in Frameworks */ = {isa = PBXBuildFile; productRef = 143C97592B0EB3F5003AAEB5 /* FirebaseRemoteConfig */; };
		143C975C2B0EB3F5003AAEB5 /* FirebaseRemoteConfigSwift in Frameworks */ = {isa = PBXBuildFile; productRef = 143C975B2B0EB3F5003AAEB5 /* FirebaseRemoteConfigSwift */; };
		143C975E2B0EB3F5003AAEB5 /* FirebaseStorage in Frameworks */ = {isa = PBXBuildFile; productRef = 143C975D2B0EB3F5003AAEB5 /* FirebaseStorage */; };
		143C97602B0EB3F5003AAEB5 /* FirebaseStorageCombine-Community in Frameworks */ = {isa = PBXBuildFile; productRef = 143C975F2B0EB3F5003AAEB5 /* FirebaseStorageCombine-Community */; };
		143C97622B0EB5A5003AAEB5 /* GoogleService-Info.plist in Resources */ = {isa = PBXBuildFile; fileRef = 143C97612B0EB5A5003AAEB5 /* GoogleService-Info.plist */; };
		14A639BF2B12831700E12415 /* OrderModel.swift in Sources */ = {isa = PBXBuildFile; fileRef = 14A639BE2B12831700E12415 /* OrderModel.swift */; };
		14A639C12B12833000E12415 /* InventoryItemModel.swift in Sources */ = {isa = PBXBuildFile; fileRef = 14A639C02B12833000E12415 /* InventoryItemModel.swift */; };
		14A639C32B12835F00E12415 /* NavigationViewModel.swift in Sources */ = {isa = PBXBuildFile; fileRef = 14A639C22B12835F00E12415 /* NavigationViewModel.swift */; };
		14A639C52B12839000E12415 /* InventoryItemViewModel.swift in Sources */ = {isa = PBXBuildFile; fileRef = 14A639C42B12839000E12415 /* InventoryItemViewModel.swift */; };
		14A639C72B1283D400E12415 /* OrderViewModel.swift in Sources */ = {isa = PBXBuildFile; fileRef = 14A639C62B1283D400E12415 /* OrderViewModel.swift */; };
		14A639C92B1283F600E12415 /* HomePageView.swift in Sources */ = {isa = PBXBuildFile; fileRef = 14A639C82B1283F600E12415 /* HomePageView.swift */; };
		14A639CB2B12841B00E12415 /* CompleteRestockOrderView.swift in Sources */ = {isa = PBXBuildFile; fileRef = 14A639CA2B12841B00E12415 /* CompleteRestockOrderView.swift */; };
		14A639CD2B12843A00E12415 /* ConfirmedRestockOrderView.swift in Sources */ = {isa = PBXBuildFile; fileRef = 14A639CC2B12843A00E12415 /* ConfirmedRestockOrderView.swift */; };
		14A639CF2B12845700E12415 /* ArchiveListView.swift in Sources */ = {isa = PBXBuildFile; fileRef = 14A639CE2B12845700E12415 /* ArchiveListView.swift */; };
		14A639D12B12847700E12415 /* EditOrderStatusView.swift in Sources */ = {isa = PBXBuildFile; fileRef = 14A639D02B12847700E12415 /* EditOrderStatusView.swift */; };
		14A639D32B12849300E12415 /* OrderDetailsView.swift in Sources */ = {isa = PBXBuildFile; fileRef = 14A639D22B12849300E12415 /* OrderDetailsView.swift */; };
/* End PBXBuildFile section */

/* Begin PBXFileReference section */
		143C97192B0EB3C1003AAEB5 /* GiuliettaInventoryManagement.app */ = {isa = PBXFileReference; explicitFileType = wrapper.application; includeInIndex = 0; path = GiuliettaInventoryManagement.app; sourceTree = BUILT_PRODUCTS_DIR; };
		143C971C2B0EB3C1003AAEB5 /* GiuliettaInventoryManagementApp.swift */ = {isa = PBXFileReference; lastKnownFileType = sourcecode.swift; path = GiuliettaInventoryManagementApp.swift; sourceTree = "<group>"; };
		143C971E2B0EB3C1003AAEB5 /* ContentView.swift */ = {isa = PBXFileReference; lastKnownFileType = sourcecode.swift; path = ContentView.swift; sourceTree = "<group>"; };
		143C97202B0EB3C3003AAEB5 /* Assets.xcassets */ = {isa = PBXFileReference; lastKnownFileType = folder.assetcatalog; path = Assets.xcassets; sourceTree = "<group>"; };
		143C97232B0EB3C3003AAEB5 /* Preview Assets.xcassets */ = {isa = PBXFileReference; lastKnownFileType = folder.assetcatalog; path = "Preview Assets.xcassets"; sourceTree = "<group>"; };
		143C97612B0EB5A5003AAEB5 /* GoogleService-Info.plist */ = {isa = PBXFileReference; fileEncoding = 4; lastKnownFileType = text.plist.xml; name = "GoogleService-Info.plist"; path = "../../../Downloads/GoogleService-Info.plist"; sourceTree = "<group>"; };
		14A639BE2B12831700E12415 /* OrderModel.swift */ = {isa = PBXFileReference; lastKnownFileType = sourcecode.swift; path = OrderModel.swift; sourceTree = "<group>"; };
		14A639C02B12833000E12415 /* InventoryItemModel.swift */ = {isa = PBXFileReference; lastKnownFileType = sourcecode.swift; path = InventoryItemModel.swift; sourceTree = "<group>"; };
		14A639C22B12835F00E12415 /* NavigationViewModel.swift */ = {isa = PBXFileReference; lastKnownFileType = sourcecode.swift; path = NavigationViewModel.swift; sourceTree = "<group>"; };
		14A639C42B12839000E12415 /* InventoryItemViewModel.swift */ = {isa = PBXFileReference; lastKnownFileType = sourcecode.swift; path = InventoryItemViewModel.swift; sourceTree = "<group>"; };
		14A639C62B1283D400E12415 /* OrderViewModel.swift */ = {isa = PBXFileReference; lastKnownFileType = sourcecode.swift; path = OrderViewModel.swift; sourceTree = "<group>"; };
		14A639C82B1283F600E12415 /* HomePageView.swift */ = {isa = PBXFileReference; lastKnownFileType = sourcecode.swift; path = HomePageView.swift; sourceTree = "<group>"; };
		14A639CA2B12841B00E12415 /* CompleteRestockOrderView.swift */ = {isa = PBXFileReference; lastKnownFileType = sourcecode.swift; path = CompleteRestockOrderView.swift; sourceTree = "<group>"; };
		14A639CC2B12843A00E12415 /* ConfirmedRestockOrderView.swift */ = {isa = PBXFileReference; lastKnownFileType = sourcecode.swift; path = ConfirmedRestockOrderView.swift; sourceTree = "<group>"; };
		14A639CE2B12845700E12415 /* ArchiveListView.swift */ = {isa = PBXFileReference; lastKnownFileType = sourcecode.swift; path = ArchiveListView.swift; sourceTree = "<group>"; };
		14A639D02B12847700E12415 /* EditOrderStatusView.swift */ = {isa = PBXFileReference; lastKnownFileType = sourcecode.swift; path = EditOrderStatusView.swift; sourceTree = "<group>"; };
		14A639D22B12849300E12415 /* OrderDetailsView.swift */ = {isa = PBXFileReference; lastKnownFileType = sourcecode.swift; path = OrderDetailsView.swift; sourceTree = "<group>"; };
/* End PBXFileReference section */

/* Begin PBXFrameworksBuildPhase section */
		143C97162B0EB3C1003AAEB5 /* Frameworks */ = {
			isa = PBXFrameworksBuildPhase;
			buildActionMask = 2147483647;
			files = (
				143C973E2B0EB3F5003AAEB5 /* FirebaseDatabase in Frameworks */,
				143C974C2B0EB3F5003AAEB5 /* FirebaseFunctionsCombine-Community in Frameworks */,
				143C97442B0EB3F5003AAEB5 /* FirebaseFirestore in Frameworks */,
				143C97302B0EB3F5003AAEB5 /* FirebaseAnalyticsSwift in Frameworks */,
				143C972C2B0EB3F5003AAEB5 /* FirebaseAnalytics in Frameworks */,
				143C972E2B0EB3F5003AAEB5 /* FirebaseAnalyticsOnDeviceConversion in Frameworks */,
				143C97542B0EB3F5003AAEB5 /* FirebaseMLModelDownloader in Frameworks */,
				143C97482B0EB3F5003AAEB5 /* FirebaseFirestoreSwift in Frameworks */,
				143C97342B0EB3F5003AAEB5 /* FirebaseAppCheck in Frameworks */,
				143C97322B0EB3F5003AAEB5 /* FirebaseAnalyticsWithoutAdIdSupport in Frameworks */,
				143C97382B0EB3F5003AAEB5 /* FirebaseAuth in Frameworks */,
				143C973C2B0EB3F5003AAEB5 /* FirebaseCrashlytics in Frameworks */,
				143C975C2B0EB3F5003AAEB5 /* FirebaseRemoteConfigSwift in Frameworks */,
				143C974E2B0EB3F5003AAEB5 /* FirebaseInAppMessaging-Beta in Frameworks */,
				143C97402B0EB3F5003AAEB5 /* FirebaseDatabaseSwift in Frameworks */,
				143C974A2B0EB3F5003AAEB5 /* FirebaseFunctions in Frameworks */,
				143C97602B0EB3F5003AAEB5 /* FirebaseStorageCombine-Community in Frameworks */,
				143C975A2B0EB3F5003AAEB5 /* FirebaseRemoteConfig in Frameworks */,
				143C97362B0EB3F5003AAEB5 /* FirebaseAppDistribution-Beta in Frameworks */,
				143C973A2B0EB3F5003AAEB5 /* FirebaseAuthCombine-Community in Frameworks */,
				143C97582B0EB3F5003AAEB5 /* FirebasePerformance in Frameworks */,
				143C97502B0EB3F5003AAEB5 /* FirebaseInAppMessagingSwift-Beta in Frameworks */,
				143C975E2B0EB3F5003AAEB5 /* FirebaseStorage in Frameworks */,
				143C97422B0EB3F5003AAEB5 /* FirebaseDynamicLinks in Frameworks */,
				143C97462B0EB3F5003AAEB5 /* FirebaseFirestoreCombine-Community in Frameworks */,
				143C97562B0EB3F5003AAEB5 /* FirebaseMessaging in Frameworks */,
				143C97522B0EB3F5003AAEB5 /* FirebaseInstallations in Frameworks */,
			);
			runOnlyForDeploymentPostprocessing = 0;
		};
/* End PBXFrameworksBuildPhase section */

/* Begin PBXGroup section */
		143C97102B0EB3C1003AAEB5 = {
			isa = PBXGroup;
			children = (
				143C97612B0EB5A5003AAEB5 /* GoogleService-Info.plist */,
				143C971B2B0EB3C1003AAEB5 /* GiuliettaInventoryManagement */,
				143C971A2B0EB3C1003AAEB5 /* Products */,
			);
			sourceTree = "<group>";
		};
		143C971A2B0EB3C1003AAEB5 /* Products */ = {
			isa = PBXGroup;
			children = (
				143C97192B0EB3C1003AAEB5 /* GiuliettaInventoryManagement.app */,
			);
			name = Products;
			sourceTree = "<group>";
		};
		143C971B2B0EB3C1003AAEB5 /* GiuliettaInventoryManagement */ = {
			isa = PBXGroup;
			children = (
				14A639BB2B1282DD00E12415 /* Model */,
				14A639BC2B1282E500E12415 /* ViewModel */,
				14A639BD2B1282F700E12415 /* View */,
				143C971C2B0EB3C1003AAEB5 /* GiuliettaInventoryManagementApp.swift */,
				143C971E2B0EB3C1003AAEB5 /* ContentView.swift */,
				143C97202B0EB3C3003AAEB5 /* Assets.xcassets */,
				143C97222B0EB3C3003AAEB5 /* Preview Content */,
			);
			path = GiuliettaInventoryManagement;
			sourceTree = "<group>";
		};
		143C97222B0EB3C3003AAEB5 /* Preview Content */ = {
			isa = PBXGroup;
			children = (
				143C97232B0EB3C3003AAEB5 /* Preview Assets.xcassets */,
			);
			path = "Preview Content";
			sourceTree = "<group>";
		};
		14A639BB2B1282DD00E12415 /* Model */ = {
			isa = PBXGroup;
			children = (
				14A639BE2B12831700E12415 /* OrderModel.swift */,
				14A639C02B12833000E12415 /* InventoryItemModel.swift */,
			);
			path = Model;
			sourceTree = "<group>";
		};
		14A639BC2B1282E500E12415 /* ViewModel */ = {
			isa = PBXGroup;
			children = (
				14A639C22B12835F00E12415 /* NavigationViewModel.swift */,
				14A639C42B12839000E12415 /* InventoryItemViewModel.swift */,
				14A639C62B1283D400E12415 /* OrderViewModel.swift */,
			);
			path = ViewModel;
			sourceTree = "<group>";
		};
		14A639BD2B1282F700E12415 /* View */ = {
			isa = PBXGroup;
			children = (
				14A639C82B1283F600E12415 /* HomePageView.swift */,
				14A639CA2B12841B00E12415 /* CompleteRestockOrderView.swift */,
				14A639CC2B12843A00E12415 /* ConfirmedRestockOrderView.swift */,
				14A639CE2B12845700E12415 /* ArchiveListView.swift */,
				14A639D02B12847700E12415 /* EditOrderStatusView.swift */,
				14A639D22B12849300E12415 /* OrderDetailsView.swift */,
			);
			path = View;
			sourceTree = "<group>";
		};
/* End PBXGroup section */

/* Begin PBXNativeTarget section */
		143C97182B0EB3C1003AAEB5 /* GiuliettaInventoryManagement */ = {
			isa = PBXNativeTarget;
			buildConfigurationList = 143C97272B0EB3C3003AAEB5 /* Build configuration list for PBXNativeTarget "GiuliettaInventoryManagement" */;
			buildPhases = (
				143C97152B0EB3C1003AAEB5 /* Sources */,
				143C97162B0EB3C1003AAEB5 /* Frameworks */,
				143C97172B0EB3C1003AAEB5 /* Resources */,
			);
			buildRules = (
			);
			dependencies = (
			);
			name = GiuliettaInventoryManagement;
			packageProductDependencies = (
				143C972B2B0EB3F5003AAEB5 /* FirebaseAnalytics */,
				143C972D2B0EB3F5003AAEB5 /* FirebaseAnalyticsOnDeviceConversion */,
				143C972F2B0EB3F5003AAEB5 /* FirebaseAnalyticsSwift */,
				143C97312B0EB3F5003AAEB5 /* FirebaseAnalyticsWithoutAdIdSupport */,
				143C97332B0EB3F5003AAEB5 /* FirebaseAppCheck */,
				143C97352B0EB3F5003AAEB5 /* FirebaseAppDistribution-Beta */,
				143C97372B0EB3F5003AAEB5 /* FirebaseAuth */,
				143C97392B0EB3F5003AAEB5 /* FirebaseAuthCombine-Community */,
				143C973B2B0EB3F5003AAEB5 /* FirebaseCrashlytics */,
				143C973D2B0EB3F5003AAEB5 /* FirebaseDatabase */,
				143C973F2B0EB3F5003AAEB5 /* FirebaseDatabaseSwift */,
				143C97412B0EB3F5003AAEB5 /* FirebaseDynamicLinks */,
				143C97432B0EB3F5003AAEB5 /* FirebaseFirestore */,
				143C97452B0EB3F5003AAEB5 /* FirebaseFirestoreCombine-Community */,
				143C97472B0EB3F5003AAEB5 /* FirebaseFirestoreSwift */,
				143C97492B0EB3F5003AAEB5 /* FirebaseFunctions */,
				143C974B2B0EB3F5003AAEB5 /* FirebaseFunctionsCombine-Community */,
				143C974D2B0EB3F5003AAEB5 /* FirebaseInAppMessaging-Beta */,
				143C974F2B0EB3F5003AAEB5 /* FirebaseInAppMessagingSwift-Beta */,
				143C97512B0EB3F5003AAEB5 /* FirebaseInstallations */,
				143C97532B0EB3F5003AAEB5 /* FirebaseMLModelDownloader */,
				143C97552B0EB3F5003AAEB5 /* FirebaseMessaging */,
				143C97572B0EB3F5003AAEB5 /* FirebasePerformance */,
				143C97592B0EB3F5003AAEB5 /* FirebaseRemoteConfig */,
				143C975B2B0EB3F5003AAEB5 /* FirebaseRemoteConfigSwift */,
				143C975D2B0EB3F5003AAEB5 /* FirebaseStorage */,
				143C975F2B0EB3F5003AAEB5 /* FirebaseStorageCombine-Community */,
			);
			productName = GiuliettaInventoryManagement;
			productReference = 143C97192B0EB3C1003AAEB5 /* GiuliettaInventoryManagement.app */;
			productType = "com.apple.product-type.application";
		};
/* End PBXNativeTarget section */

/* Begin PBXProject section */
		143C97112B0EB3C1003AAEB5 /* Project object */ = {
			isa = PBXProject;
			attributes = {
				BuildIndependentTargetsInParallel = 1;
				LastSwiftUpdateCheck = 1500;
				LastUpgradeCheck = 1500;
				TargetAttributes = {
					143C97182B0EB3C1003AAEB5 = {
						CreatedOnToolsVersion = 15.0;
					};
				};
			};
			buildConfigurationList = 143C97142B0EB3C1003AAEB5 /* Build configuration list for PBXProject "GiuliettaInventoryManagement" */;
			compatibilityVersion = "Xcode 14.0";
			developmentRegion = en;
			hasScannedForEncodings = 0;
			knownRegions = (
				en,
				Base,
			);
			mainGroup = 143C97102B0EB3C1003AAEB5;
			packageReferences = (
				143C972A2B0EB3F5003AAEB5 /* XCRemoteSwiftPackageReference "firebase-ios-sdk" */,
			);
			productRefGroup = 143C971A2B0EB3C1003AAEB5 /* Products */;
			projectDirPath = "";
			projectRoot = "";
			targets = (
				143C97182B0EB3C1003AAEB5 /* GiuliettaInventoryManagement */,
			);
		};
/* End PBXProject section */

/* Begin PBXResourcesBuildPhase section */
		143C97172B0EB3C1003AAEB5 /* Resources */ = {
			isa = PBXResourcesBuildPhase;
			buildActionMask = 2147483647;
			files = (
				143C97242B0EB3C3003AAEB5 /* Preview Assets.xcassets in Resources */,
				143C97212B0EB3C3003AAEB5 /* Assets.xcassets in Resources */,
				143C97622B0EB5A5003AAEB5 /* GoogleService-Info.plist in Resources */,
			);
			runOnlyForDeploymentPostprocessing = 0;
		};
/* End PBXResourcesBuildPhase section */

/* Begin PBXSourcesBuildPhase section */
		143C97152B0EB3C1003AAEB5 /* Sources */ = {
			isa = PBXSourcesBuildPhase;
			buildActionMask = 2147483647;
			files = (
				143C971F2B0EB3C1003AAEB5 /* ContentView.swift in Sources */,
				14A639C32B12835F00E12415 /* NavigationViewModel.swift in Sources */,
				14A639C12B12833000E12415 /* InventoryItemModel.swift in Sources */,
				14A639CD2B12843A00E12415 /* ConfirmedRestockOrderView.swift in Sources */,
				14A639CB2B12841B00E12415 /* CompleteRestockOrderView.swift in Sources */,
				14A639BF2B12831700E12415 /* OrderModel.swift in Sources */,
				14A639CF2B12845700E12415 /* ArchiveListView.swift in Sources */,
				14A639C52B12839000E12415 /* InventoryItemViewModel.swift in Sources */,
				14A639C72B1283D400E12415 /* OrderViewModel.swift in Sources */,
				14A639D12B12847700E12415 /* EditOrderStatusView.swift in Sources */,
				14A639C92B1283F600E12415 /* HomePageView.swift in Sources */,
				14A639D32B12849300E12415 /* OrderDetailsView.swift in Sources */,
				143C971D2B0EB3C1003AAEB5 /* GiuliettaInventoryManagementApp.swift in Sources */,
			);
			runOnlyForDeploymentPostprocessing = 0;
		};
/* End PBXSourcesBuildPhase section */

/* Begin XCBuildConfiguration section */
		143C97252B0EB3C3003AAEB5 /* Debug */ = {
			isa = XCBuildConfiguration;
			buildSettings = {
				ALWAYS_SEARCH_USER_PATHS = NO;
				ASSETCATALOG_COMPILER_GENERATE_SWIFT_ASSET_SYMBOL_EXTENSIONS = YES;
				CLANG_ANALYZER_NONNULL = YES;
				CLANG_ANALYZER_NUMBER_OBJECT_CONVERSION = YES_AGGRESSIVE;
				CLANG_CXX_LANGUAGE_STANDARD = "gnu++20";
				CLANG_ENABLE_MODULES = YES;
				CLANG_ENABLE_OBJC_ARC = YES;
				CLANG_ENABLE_OBJC_WEAK = YES;
				CLANG_WARN_BLOCK_CAPTURE_AUTORELEASING = YES;
				CLANG_WARN_BOOL_CONVERSION = YES;
				CLANG_WARN_COMMA = YES;
				CLANG_WARN_CONSTANT_CONVERSION = YES;
				CLANG_WARN_DEPRECATED_OBJC_IMPLEMENTATIONS = YES;
				CLANG_WARN_DIRECT_OBJC_ISA_USAGE = YES_ERROR;
				CLANG_WARN_DOCUMENTATION_COMMENTS = YES;
				CLANG_WARN_EMPTY_BODY = YES;
				CLANG_WARN_ENUM_CONVERSION = YES;
				CLANG_WARN_INFINITE_RECURSION = YES;
				CLANG_WARN_INT_CONVERSION = YES;
				CLANG_WARN_NON_LITERAL_NULL_CONVERSION = YES;
				CLANG_WARN_OBJC_IMPLICIT_RETAIN_SELF = YES;
				CLANG_WARN_OBJC_LITERAL_CONVERSION = YES;
				CLANG_WARN_OBJC_ROOT_CLASS = YES_ERROR;
				CLANG_WARN_QUOTED_INCLUDE_IN_FRAMEWORK_HEADER = YES;
				CLANG_WARN_RANGE_LOOP_ANALYSIS = YES;
				CLANG_WARN_STRICT_PROTOTYPES = YES;
				CLANG_WARN_SUSPICIOUS_MOVE = YES;
				CLANG_WARN_UNGUARDED_AVAILABILITY = YES_AGGRESSIVE;
				CLANG_WARN_UNREACHABLE_CODE = YES;
				CLANG_WARN__DUPLICATE_METHOD_MATCH = YES;
				COPY_PHASE_STRIP = NO;
				DEBUG_INFORMATION_FORMAT = dwarf;
				ENABLE_STRICT_OBJC_MSGSEND = YES;
				ENABLE_TESTABILITY = YES;
				ENABLE_USER_SCRIPT_SANDBOXING = YES;
				GCC_C_LANGUAGE_STANDARD = gnu17;
				GCC_DYNAMIC_NO_PIC = NO;
				GCC_NO_COMMON_BLOCKS = YES;
				GCC_OPTIMIZATION_LEVEL = 0;
				GCC_PREPROCESSOR_DEFINITIONS = (
					"DEBUG=1",
					"$(inherited)",
				);
				GCC_WARN_64_TO_32_BIT_CONVERSION = YES;
				GCC_WARN_ABOUT_RETURN_TYPE = YES_ERROR;
				GCC_WARN_UNDECLARED_SELECTOR = YES;
				GCC_WARN_UNINITIALIZED_AUTOS = YES_AGGRESSIVE;
				GCC_WARN_UNUSED_FUNCTION = YES;
				GCC_WARN_UNUSED_VARIABLE = YES;
				IPHONEOS_DEPLOYMENT_TARGET = 17.0;
				LOCALIZATION_PREFERS_STRING_CATALOGS = YES;
				MTL_ENABLE_DEBUG_INFO = INCLUDE_SOURCE;
				MTL_FAST_MATH = YES;
				ONLY_ACTIVE_ARCH = YES;
				SDKROOT = iphoneos;
				SWIFT_ACTIVE_COMPILATION_CONDITIONS = "DEBUG $(inherited)";
				SWIFT_OPTIMIZATION_LEVEL = "-Onone";
			};
			name = Debug;
		};
		143C97262B0EB3C3003AAEB5 /* Release */ = {
			isa = XCBuildConfiguration;
			buildSettings = {
				ALWAYS_SEARCH_USER_PATHS = NO;
				ASSETCATALOG_COMPILER_GENERATE_SWIFT_ASSET_SYMBOL_EXTENSIONS = YES;
				CLANG_ANALYZER_NONNULL = YES;
				CLANG_ANALYZER_NUMBER_OBJECT_CONVERSION = YES_AGGRESSIVE;
				CLANG_CXX_LANGUAGE_STANDARD = "gnu++20";
				CLANG_ENABLE_MODULES = YES;
				CLANG_ENABLE_OBJC_ARC = YES;
				CLANG_ENABLE_OBJC_WEAK = YES;
				CLANG_WARN_BLOCK_CAPTURE_AUTORELEASING = YES;
				CLANG_WARN_BOOL_CONVERSION = YES;
				CLANG_WARN_COMMA = YES;
				CLANG_WARN_CONSTANT_CONVERSION = YES;
				CLANG_WARN_DEPRECATED_OBJC_IMPLEMENTATIONS = YES;
				CLANG_WARN_DIRECT_OBJC_ISA_USAGE = YES_ERROR;
				CLANG_WARN_DOCUMENTATION_COMMENTS = YES;
				CLANG_WARN_EMPTY_BODY = YES;
				CLANG_WARN_ENUM_CONVERSION = YES;
				CLANG_WARN_INFINITE_RECURSION = YES;
				CLANG_WARN_INT_CONVERSION = YES;
				CLANG_WARN_NON_LITERAL_NULL_CONVERSION = YES;
				CLANG_WARN_OBJC_IMPLICIT_RETAIN_SELF = YES;
				CLANG_WARN_OBJC_LITERAL_CONVERSION = YES;
				CLANG_WARN_OBJC_ROOT_CLASS = YES_ERROR;
				CLANG_WARN_QUOTED_INCLUDE_IN_FRAMEWORK_HEADER = YES;
				CLANG_WARN_RANGE_LOOP_ANALYSIS = YES;
				CLANG_WARN_STRICT_PROTOTYPES = YES;
				CLANG_WARN_SUSPICIOUS_MOVE = YES;
				CLANG_WARN_UNGUARDED_AVAILABILITY = YES_AGGRESSIVE;
				CLANG_WARN_UNREACHABLE_CODE = YES;
				CLANG_WARN__DUPLICATE_METHOD_MATCH = YES;
				COPY_PHASE_STRIP = NO;
				DEBUG_INFORMATION_FORMAT = "dwarf-with-dsym";
				ENABLE_NS_ASSERTIONS = NO;
				ENABLE_STRICT_OBJC_MSGSEND = YES;
				ENABLE_USER_SCRIPT_SANDBOXING = YES;
				GCC_C_LANGUAGE_STANDARD = gnu17;
				GCC_NO_COMMON_BLOCKS = YES;
				GCC_WARN_64_TO_32_BIT_CONVERSION = YES;
				GCC_WARN_ABOUT_RETURN_TYPE = YES_ERROR;
				GCC_WARN_UNDECLARED_SELECTOR = YES;
				GCC_WARN_UNINITIALIZED_AUTOS = YES_AGGRESSIVE;
				GCC_WARN_UNUSED_FUNCTION = YES;
				GCC_WARN_UNUSED_VARIABLE = YES;
				IPHONEOS_DEPLOYMENT_TARGET = 17.0;
				LOCALIZATION_PREFERS_STRING_CATALOGS = YES;
				MTL_ENABLE_DEBUG_INFO = NO;
				MTL_FAST_MATH = YES;
				SDKROOT = iphoneos;
				SWIFT_COMPILATION_MODE = wholemodule;
				VALIDATE_PRODUCT = YES;
			};
			name = Release;
		};
		143C97282B0EB3C3003AAEB5 /* Debug */ = {
			isa = XCBuildConfiguration;
			buildSettings = {
				ASSETCATALOG_COMPILER_APPICON_NAME = AppIcon;
				ASSETCATALOG_COMPILER_GLOBAL_ACCENT_COLOR_NAME = AccentColor;
				CODE_SIGN_STYLE = Automatic;
				CURRENT_PROJECT_VERSION = 1;
				DEVELOPMENT_ASSET_PATHS = "\"GiuliettaInventoryManagement/Preview Content\"";
				DEVELOPMENT_TEAM = HWRHDZS23J;
				ENABLE_PREVIEWS = YES;
				GENERATE_INFOPLIST_FILE = YES;
				INFOPLIST_KEY_UIApplicationSceneManifest_Generation = YES;
				INFOPLIST_KEY_UIApplicationSupportsIndirectInputEvents = YES;
				INFOPLIST_KEY_UILaunchScreen_Generation = YES;
				INFOPLIST_KEY_UISupportedInterfaceOrientations_iPad = "UIInterfaceOrientationPortrait UIInterfaceOrientationPortraitUpsideDown UIInterfaceOrientationLandscapeLeft UIInterfaceOrientationLandscapeRight";
				INFOPLIST_KEY_UISupportedInterfaceOrientations_iPhone = "UIInterfaceOrientationPortrait UIInterfaceOrientationLandscapeLeft UIInterfaceOrientationLandscapeRight";
				LD_RUNPATH_SEARCH_PATHS = (
					"$(inherited)",
					"@executable_path/Frameworks",
				);
				MARKETING_VERSION = 1.0;
				PRODUCT_BUNDLE_IDENTIFIER = com.iantomasi.GiuliettaInventoryManagement;
				PRODUCT_NAME = "$(TARGET_NAME)";
				SWIFT_EMIT_LOC_STRINGS = YES;
				SWIFT_VERSION = 5.0;
				TARGETED_DEVICE_FAMILY = "1,2";
			};
			name = Debug;
		};
		143C97292B0EB3C3003AAEB5 /* Release */ = {
			isa = XCBuildConfiguration;
			buildSettings = {
				ASSETCATALOG_COMPILER_APPICON_NAME = AppIcon;
				ASSETCATALOG_COMPILER_GLOBAL_ACCENT_COLOR_NAME = AccentColor;
				CODE_SIGN_STYLE = Automatic;
				CURRENT_PROJECT_VERSION = 1;
				DEVELOPMENT_ASSET_PATHS = "\"GiuliettaInventoryManagement/Preview Content\"";
				DEVELOPMENT_TEAM = HWRHDZS23J;
				ENABLE_PREVIEWS = YES;
				GENERATE_INFOPLIST_FILE = YES;
				INFOPLIST_KEY_UIApplicationSceneManifest_Generation = YES;
				INFOPLIST_KEY_UIApplicationSupportsIndirectInputEvents = YES;
				INFOPLIST_KEY_UILaunchScreen_Generation = YES;
				INFOPLIST_KEY_UISupportedInterfaceOrientations_iPad = "UIInterfaceOrientationPortrait UIInterfaceOrientationPortraitUpsideDown UIInterfaceOrientationLandscapeLeft UIInterfaceOrientationLandscapeRight";
				INFOPLIST_KEY_UISupportedInterfaceOrientations_iPhone = "UIInterfaceOrientationPortrait UIInterfaceOrientationLandscapeLeft UIInterfaceOrientationLandscapeRight";
				LD_RUNPATH_SEARCH_PATHS = (
					"$(inherited)",
					"@executable_path/Frameworks",
				);
				MARKETING_VERSION = 1.0;
				PRODUCT_BUNDLE_IDENTIFIER = com.iantomasi.GiuliettaInventoryManagement;
				PRODUCT_NAME = "$(TARGET_NAME)";
				SWIFT_EMIT_LOC_STRINGS = YES;
				SWIFT_VERSION = 5.0;
				TARGETED_DEVICE_FAMILY = "1,2";
			};
			name = Release;
		};
/* End XCBuildConfiguration section */

/* Begin XCConfigurationList section */
		143C97142B0EB3C1003AAEB5 /* Build configuration list for PBXProject "GiuliettaInventoryManagement" */ = {
			isa = XCConfigurationList;
			buildConfigurations = (
				143C97252B0EB3C3003AAEB5 /* Debug */,
				143C97262B0EB3C3003AAEB5 /* Release */,
			);
			defaultConfigurationIsVisible = 0;
			defaultConfigurationName = Release;
		};
		143C97272B0EB3C3003AAEB5 /* Build configuration list for PBXNativeTarget "GiuliettaInventoryManagement" */ = {
			isa = XCConfigurationList;
			buildConfigurations = (
				143C97282B0EB3C3003AAEB5 /* Debug */,
				143C97292B0EB3C3003AAEB5 /* Release */,
			);
			defaultConfigurationIsVisible = 0;
			defaultConfigurationName = Release;
		};
/* End XCConfigurationList section */

/* Begin XCRemoteSwiftPackageReference section */
		143C972A2B0EB3F5003AAEB5 /* XCRemoteSwiftPackageReference "firebase-ios-sdk" */ = {
			isa = XCRemoteSwiftPackageReference;
			repositoryURL = "https://github.com/firebase/firebase-ios-sdk";
			requirement = {
				kind = upToNextMajorVersion;
				minimumVersion = 10.18.0;
			};
		};
/* End XCRemoteSwiftPackageReference section */

/* Begin XCSwiftPackageProductDependency section */
		143C972B2B0EB3F5003AAEB5 /* FirebaseAnalytics */ = {
			isa = XCSwiftPackageProductDependency;
			package = 143C972A2B0EB3F5003AAEB5 /* XCRemoteSwiftPackageReference "firebase-ios-sdk" */;
			productName = FirebaseAnalytics;
		};
		143C972D2B0EB3F5003AAEB5 /* FirebaseAnalyticsOnDeviceConversion */ = {
			isa = XCSwiftPackageProductDependency;
			package = 143C972A2B0EB3F5003AAEB5 /* XCRemoteSwiftPackageReference "firebase-ios-sdk" */;
			productName = FirebaseAnalyticsOnDeviceConversion;
		};
		143C972F2B0EB3F5003AAEB5 /* FirebaseAnalyticsSwift */ = {
			isa = XCSwiftPackageProductDependency;
			package = 143C972A2B0EB3F5003AAEB5 /* XCRemoteSwiftPackageReference "firebase-ios-sdk" */;
			productName = FirebaseAnalyticsSwift;
		};
		143C97312B0EB3F5003AAEB5 /* FirebaseAnalyticsWithoutAdIdSupport */ = {
			isa = XCSwiftPackageProductDependency;
			package = 143C972A2B0EB3F5003AAEB5 /* XCRemoteSwiftPackageReference "firebase-ios-sdk" */;
			productName = FirebaseAnalyticsWithoutAdIdSupport;
		};
		143C97332B0EB3F5003AAEB5 /* FirebaseAppCheck */ = {
			isa = XCSwiftPackageProductDependency;
			package = 143C972A2B0EB3F5003AAEB5 /* XCRemoteSwiftPackageReference "firebase-ios-sdk" */;
			productName = FirebaseAppCheck;
		};
		143C97352B0EB3F5003AAEB5 /* FirebaseAppDistribution-Beta */ = {
			isa = XCSwiftPackageProductDependency;
			package = 143C972A2B0EB3F5003AAEB5 /* XCRemoteSwiftPackageReference "firebase-ios-sdk" */;
			productName = "FirebaseAppDistribution-Beta";
		};
		143C97372B0EB3F5003AAEB5 /* FirebaseAuth */ = {
			isa = XCSwiftPackageProductDependency;
			package = 143C972A2B0EB3F5003AAEB5 /* XCRemoteSwiftPackageReference "firebase-ios-sdk" */;
			productName = FirebaseAuth;
		};
		143C97392B0EB3F5003AAEB5 /* FirebaseAuthCombine-Community */ = {
			isa = XCSwiftPackageProductDependency;
			package = 143C972A2B0EB3F5003AAEB5 /* XCRemoteSwiftPackageReference "firebase-ios-sdk" */;
			productName = "FirebaseAuthCombine-Community";
		};
		143C973B2B0EB3F5003AAEB5 /* FirebaseCrashlytics */ = {
			isa = XCSwiftPackageProductDependency;
			package = 143C972A2B0EB3F5003AAEB5 /* XCRemoteSwiftPackageReference "firebase-ios-sdk" */;
			productName = FirebaseCrashlytics;
		};
		143C973D2B0EB3F5003AAEB5 /* FirebaseDatabase */ = {
			isa = XCSwiftPackageProductDependency;
			package = 143C972A2B0EB3F5003AAEB5 /* XCRemoteSwiftPackageReference "firebase-ios-sdk" */;
			productName = FirebaseDatabase;
		};
		143C973F2B0EB3F5003AAEB5 /* FirebaseDatabaseSwift */ = {
			isa = XCSwiftPackageProductDependency;
			package = 143C972A2B0EB3F5003AAEB5 /* XCRemoteSwiftPackageReference "firebase-ios-sdk" */;
			productName = FirebaseDatabaseSwift;
		};
		143C97412B0EB3F5003AAEB5 /* FirebaseDynamicLinks */ = {
			isa = XCSwiftPackageProductDependency;
			package = 143C972A2B0EB3F5003AAEB5 /* XCRemoteSwiftPackageReference "firebase-ios-sdk" */;
			productName = FirebaseDynamicLinks;
		};
		143C97432B0EB3F5003AAEB5 /* FirebaseFirestore */ = {
			isa = XCSwiftPackageProductDependency;
			package = 143C972A2B0EB3F5003AAEB5 /* XCRemoteSwiftPackageReference "firebase-ios-sdk" */;
			productName = FirebaseFirestore;
		};
		143C97452B0EB3F5003AAEB5 /* FirebaseFirestoreCombine-Community */ = {
			isa = XCSwiftPackageProductDependency;
			package = 143C972A2B0EB3F5003AAEB5 /* XCRemoteSwiftPackageReference "firebase-ios-sdk" */;
			productName = "FirebaseFirestoreCombine-Community";
		};
		143C97472B0EB3F5003AAEB5 /* FirebaseFirestoreSwift */ = {
			isa = XCSwiftPackageProductDependency;
			package = 143C972A2B0EB3F5003AAEB5 /* XCRemoteSwiftPackageReference "firebase-ios-sdk" */;
			productName = FirebaseFirestoreSwift;
		};
		143C97492B0EB3F5003AAEB5 /* FirebaseFunctions */ = {
			isa = XCSwiftPackageProductDependency;
			package = 143C972A2B0EB3F5003AAEB5 /* XCRemoteSwiftPackageReference "firebase-ios-sdk" */;
			productName = FirebaseFunctions;
		};
		143C974B2B0EB3F5003AAEB5 /* FirebaseFunctionsCombine-Community */ = {
			isa = XCSwiftPackageProductDependency;
			package = 143C972A2B0EB3F5003AAEB5 /* XCRemoteSwiftPackageReference "firebase-ios-sdk" */;
			productName = "FirebaseFunctionsCombine-Community";
		};
		143C974D2B0EB3F5003AAEB5 /* FirebaseInAppMessaging-Beta */ = {
			isa = XCSwiftPackageProductDependency;
			package = 143C972A2B0EB3F5003AAEB5 /* XCRemoteSwiftPackageReference "firebase-ios-sdk" */;
			productName = "FirebaseInAppMessaging-Beta";
		};
		143C974F2B0EB3F5003AAEB5 /* FirebaseInAppMessagingSwift-Beta */ = {
			isa = XCSwiftPackageProductDependency;
			package = 143C972A2B0EB3F5003AAEB5 /* XCRemoteSwiftPackageReference "firebase-ios-sdk" */;
			productName = "FirebaseInAppMessagingSwift-Beta";
		};
		143C97512B0EB3F5003AAEB5 /* FirebaseInstallations */ = {
			isa = XCSwiftPackageProductDependency;
			package = 143C972A2B0EB3F5003AAEB5 /* XCRemoteSwiftPackageReference "firebase-ios-sdk" */;
			productName = FirebaseInstallations;
		};
		143C97532B0EB3F5003AAEB5 /* FirebaseMLModelDownloader */ = {
			isa = XCSwiftPackageProductDependency;
			package = 143C972A2B0EB3F5003AAEB5 /* XCRemoteSwiftPackageReference "firebase-ios-sdk" */;
			productName = FirebaseMLModelDownloader;
		};
		143C97552B0EB3F5003AAEB5 /* FirebaseMessaging */ = {
			isa = XCSwiftPackageProductDependency;
			package = 143C972A2B0EB3F5003AAEB5 /* XCRemoteSwiftPackageReference "firebase-ios-sdk" */;
			productName = FirebaseMessaging;
		};
		143C97572B0EB3F5003AAEB5 /* FirebasePerformance */ = {
			isa = XCSwiftPackageProductDependency;
			package = 143C972A2B0EB3F5003AAEB5 /* XCRemoteSwiftPackageReference "firebase-ios-sdk" */;
			productName = FirebasePerformance;
		};
		143C97592B0EB3F5003AAEB5 /* FirebaseRemoteConfig */ = {
			isa = XCSwiftPackageProductDependency;
			package = 143C972A2B0EB3F5003AAEB5 /* XCRemoteSwiftPackageReference "firebase-ios-sdk" */;
			productName = FirebaseRemoteConfig;
		};
		143C975B2B0EB3F5003AAEB5 /* FirebaseRemoteConfigSwift */ = {
			isa = XCSwiftPackageProductDependency;
			package = 143C972A2B0EB3F5003AAEB5 /* XCRemoteSwiftPackageReference "firebase-ios-sdk" */;
			productName = FirebaseRemoteConfigSwift;
		};
		143C975D2B0EB3F5003AAEB5 /* FirebaseStorage */ = {
			isa = XCSwiftPackageProductDependency;
			package = 143C972A2B0EB3F5003AAEB5 /* XCRemoteSwiftPackageReference "firebase-ios-sdk" */;
			productName = FirebaseStorage;
		};
		143C975F2B0EB3F5003AAEB5 /* FirebaseStorageCombine-Community */ = {
			isa = XCSwiftPackageProductDependency;
			package = 143C972A2B0EB3F5003AAEB5 /* XCRemoteSwiftPackageReference "firebase-ios-sdk" */;
			productName = "FirebaseStorageCombine-Community";
		};
/* End XCSwiftPackageProductDependency section */
	};
	rootObject = 143C97112B0EB3C1003AAEB5 /* Project object */;
}
